
Microsoft Visual Studio Solution File, Format Version 12.00
# Visual Studio Version 16
VisualStudioVersion = 16.0.29728.190
MinimumVisualStudioVersion = 10.0.40219.1
Project("{FAE04EC0-301F-11D3-BF4B-00C04F79EFBC}") = "ServicesCeltaWare.UtilitariosInfra.Telegram", "ServicesCeltaWare.UtilitariosInfra.Telegram\ServicesCeltaWare.UtilitariosInfra.Telegram.csproj", "{19980A64-4B34-4EDA-BB10-96AC607FF1F1}"
EndProject
Project("{FAE04EC0-301F-11D3-BF4B-00C04F79EFBC}") = "ServicesCeltaWare.UtilitariosInfra.GoogleDriveApi", "ServicesCeltaWare.UtilitariosInfra.GoogleDriveApi\ServicesCeltaWare.UtilitariosInfra.GoogleDriveApi.csproj", "{DBF859D3-7738-4668-AD1C-9364B4325D09}"
EndProject
Global
	GlobalSection(SolutionConfigurationPlatforms) = preSolution
		Debug|Any CPU = Debug|Any CPU
		Release|Any CPU = Release|Any CPU
	EndGlobalSection
	GlobalSection(ProjectConfigurationPlatforms) = postSolution
		{19980A64-4B34-4EDA-BB10-96AC607FF1F1}.Debug|Any CPU.ActiveCfg = Debug|Any CPU
		{19980A64-4B34-4EDA-BB10-96AC607FF1F1}.Debug|Any CPU.Build.0 = Debug|Any CPU
		{19980A64-4B34-4EDA-BB10-96AC607FF1F1}.Release|Any CPU.ActiveCfg = Release|Any CPU
		{19980A64-4B34-4EDA-BB10-96AC607FF1F1}.Release|Any CPU.Build.0 = Release|Any CPU
		{DBF859D3-7738-4668-AD1C-9364B4325D09}.Debug|Any CPU.ActiveCfg = Debug|Any CPU
		{DBF859D3-7738-4668-AD1C-9364B4325D09}.Debug|Any CPU.Build.0 = Debug|Any CPU
		{DBF859D3-7738-4668-AD1C-9364B4325D09}.Release|Any CPU.ActiveCfg = Release|Any CPU
		{DBF859D3-7738-4668-AD1C-9364B4325D09}.Release|Any CPU.Build.0 = Release|Any CPU
	EndGlobalSection
	GlobalSection(SolutionProperties) = preSolution
		HideSolutionNode = FALSE
	EndGlobalSection
	GlobalSection(ExtensibilityGlobals) = postSolution
		SolutionGuid = {80DF38CC-BFDF-40B0-80E4-13CA08CF3382}
	EndGlobalSection
EndGlobal
